
Microsoft Visual Studio Solution File, Format Version 12.00
# Visual Studio Version 17
VisualStudioVersion = 17.9.34616.47
MinimumVisualStudioVersion = 10.0.40219.1
Project("{9A19103F-16F7-4668-BE54-9A1E7A4F7556}") = "Stathijack", "Stathijack\Stathijack.csproj", "{D951C7D1-D271-4506-B09F-434F1488639E}"
EndProject
Project("{9A19103F-16F7-4668-BE54-9A1E7A4F7556}") = "Stathijack.Replacer", "Stathijack.Replacer\Stathijack.Replacer.csproj", "{07BC4CC8-B36C-4F62-A525-A4EBEDC118CC}"
EndProject
Project("{2150E333-8FDC-42A3-9474-1A3956D46DE8}") = "Tests", "Tests", "{BB84258D-BEB4-4E14-9AD5-31ACB396234A}"
EndProject
Project("{9A19103F-16F7-4668-BE54-9A1E7A4F7556}") = "Stathijack.UnitTests", "Tests\Stathijack.UnitTests\Stathijack.UnitTests.csproj", "{F7D3204D-CA09-4F6B-9B04-944C1288B1E0}"
EndProject
Project("{2150E333-8FDC-42A3-9474-1A3956D46DE8}") = "Samples", "Samples", "{843E3E85-7F92-4A85-A195-3FFE37D84566}"
EndProject
Project("{9A19103F-16F7-4668-BE54-9A1E7A4F7556}") = "Stathijack.Samples", "Samples\Stathijack.Samples\Stathijack.Samples.csproj", "{F8DA805E-CAC8-4629-B4E8-2A54DEB842ED}"
EndProject
Project("{FAE04EC0-301F-11D3-BF4B-00C04F79EFBC}") = "Stathijack.IntegrationTests", "Tests\Stathijack.IntegrationTests\Stathijack.IntegrationTests.csproj", "{E42F6489-6471-4CF2-85C7-F5FD47553D9A}"
EndProject
Global
	GlobalSection(SolutionConfigurationPlatforms) = preSolution
		Debug|Any CPU = Debug|Any CPU
		Release|Any CPU = Release|Any CPU
	EndGlobalSection
	GlobalSection(ProjectConfigurationPlatforms) = postSolution
		{D951C7D1-D271-4506-B09F-434F1488639E}.Debug|Any CPU.ActiveCfg = Debug|Any CPU
		{D951C7D1-D271-4506-B09F-434F1488639E}.Debug|Any CPU.Build.0 = Debug|Any CPU
		{D951C7D1-D271-4506-B09F-434F1488639E}.Release|Any CPU.ActiveCfg = Release|Any CPU
		{D951C7D1-D271-4506-B09F-434F1488639E}.Release|Any CPU.Build.0 = Release|Any CPU
		{07BC4CC8-B36C-4F62-A525-A4EBEDC118CC}.Debug|Any CPU.ActiveCfg = Debug|Any CPU
		{07BC4CC8-B36C-4F62-A525-A4EBEDC118CC}.Debug|Any CPU.Build.0 = Debug|Any CPU
		{07BC4CC8-B36C-4F62-A525-A4EBEDC118CC}.Release|Any CPU.ActiveCfg = Release|Any CPU
		{07BC4CC8-B36C-4F62-A525-A4EBEDC118CC}.Release|Any CPU.Build.0 = Release|Any CPU
		{F7D3204D-CA09-4F6B-9B04-944C1288B1E0}.Debug|Any CPU.ActiveCfg = Debug|Any CPU
		{F7D3204D-CA09-4F6B-9B04-944C1288B1E0}.Debug|Any CPU.Build.0 = Debug|Any CPU
		{F7D3204D-CA09-4F6B-9B04-944C1288B1E0}.Release|Any CPU.ActiveCfg = Release|Any CPU
		{F7D3204D-CA09-4F6B-9B04-944C1288B1E0}.Release|Any CPU.Build.0 = Release|Any CPU
		{F8DA805E-CAC8-4629-B4E8-2A54DEB842ED}.Debug|Any CPU.ActiveCfg = Debug|Any CPU
		{F8DA805E-CAC8-4629-B4E8-2A54DEB842ED}.Debug|Any CPU.Build.0 = Debug|Any CPU
		{F8DA805E-CAC8-4629-B4E8-2A54DEB842ED}.Release|Any CPU.ActiveCfg = Release|Any CPU
		{F8DA805E-CAC8-4629-B4E8-2A54DEB842ED}.Release|Any CPU.Build.0 = Release|Any CPU
		{E42F6489-6471-4CF2-85C7-F5FD47553D9A}.Debug|Any CPU.ActiveCfg = Debug|Any CPU
		{E42F6489-6471-4CF2-85C7-F5FD47553D9A}.Debug|Any CPU.Build.0 = Debug|Any CPU
		{E42F6489-6471-4CF2-85C7-F5FD47553D9A}.Release|Any CPU.ActiveCfg = Release|Any CPU
		{E42F6489-6471-4CF2-85C7-F5FD47553D9A}.Release|Any CPU.Build.0 = Release|Any CPU
	EndGlobalSection
	GlobalSection(SolutionProperties) = preSolution
		HideSolutionNode = FALSE
	EndGlobalSection
	GlobalSection(NestedProjects) = preSolution
		{F7D3204D-CA09-4F6B-9B04-944C1288B1E0} = {BB84258D-BEB4-4E14-9AD5-31ACB396234A}
		{F8DA805E-CAC8-4629-B4E8-2A54DEB842ED} = {843E3E85-7F92-4A85-A195-3FFE37D84566}
		{E42F6489-6471-4CF2-85C7-F5FD47553D9A} = {BB84258D-BEB4-4E14-9AD5-31ACB396234A}
	EndGlobalSection
	GlobalSection(ExtensibilityGlobals) = postSolution
		SolutionGuid = {932A3215-F67B-4AC7-9098-17D087AF1080}
	EndGlobalSection
EndGlobal
