
Microsoft Visual Studio Solution File, Format Version 12.00
# Visual Studio Version 17
VisualStudioVersion = 17.9.34616.47
MinimumVisualStudioVersion = 10.0.40219.1
Project("{FAE04EC0-301F-11D3-BF4B-00C04F79EFBC}") = "Stathijack.Sample", "Stathijack.Sample\Stathijack.Sample.csproj", "{39886E62-DB04-460B-855A-3561CC431E5F}"
EndProject
Global
	GlobalSection(SolutionConfigurationPlatforms) = preSolution
		Debug|Any CPU = Debug|Any CPU
		Release|Any CPU = Release|Any CPU
	EndGlobalSection
	GlobalSection(ProjectConfigurationPlatforms) = postSolution
		{39886E62-DB04-460B-855A-3561CC431E5F}.Debug|Any CPU.ActiveCfg = Debug|Any CPU
		{39886E62-DB04-460B-855A-3561CC431E5F}.Debug|Any CPU.Build.0 = Debug|Any CPU
		{39886E62-DB04-460B-855A-3561CC431E5F}.Release|Any CPU.ActiveCfg = Release|Any CPU
		{39886E62-DB04-460B-855A-3561CC431E5F}.Release|Any CPU.Build.0 = Release|Any CPU
	EndGlobalSection
	GlobalSection(SolutionProperties) = preSolution
		HideSolutionNode = FALSE
	EndGlobalSection
	GlobalSection(ExtensibilityGlobals) = postSolution
		SolutionGuid = {8D696B32-FC64-4059-8CE2-7CA402949603}
	EndGlobalSection
EndGlobal
